
Microsoft Visual Studio Solution File, Format Version 12.00
# Visual Studio Version 17
VisualStudioVersion = 17.10.34928.147
MinimumVisualStudioVersion = 10.0.40219.1
Project("{FAE04EC0-301F-11D3-BF4B-00C04F79EFBC}") = "Day_15_06", "Day_15_06\Day_15_06.csproj", "{FCCC7D2C-8606-4874-AA65-D4C46C95EC03}"
EndProject
Global
	GlobalSection(SolutionConfigurationPlatforms) = preSolution
		Debug|Any CPU = Debug|Any CPU
		Release|Any CPU = Release|Any CPU
	EndGlobalSection
	GlobalSection(ProjectConfigurationPlatforms) = postSolution
		{FCCC7D2C-8606-4874-AA65-D4C46C95EC03}.Debug|Any CPU.ActiveCfg = Debug|Any CPU
		{FCCC7D2C-8606-4874-AA65-D4C46C95EC03}.Debug|Any CPU.Build.0 = Debug|Any CPU
		{FCCC7D2C-8606-4874-AA65-D4C46C95EC03}.Release|Any CPU.ActiveCfg = Release|Any CPU
		{FCCC7D2C-8606-4874-AA65-D4C46C95EC03}.Release|Any CPU.Build.0 = Release|Any CPU
	EndGlobalSection
	GlobalSection(SolutionProperties) = preSolution
		HideSolutionNode = FALSE
	EndGlobalSection
	GlobalSection(ExtensibilityGlobals) = postSolution
		SolutionGuid = {794B6E56-3B21-4D25-B915-E91E7463B42A}
	EndGlobalSection
EndGlobal
